
Microsoft Visual Studio Solution File, Format Version 12.00
# Visual Studio Version 17
VisualStudioVersion = 17.8.34004.107
MinimumVisualStudioVersion = 10.0.40219.1
Project("{FAE04EC0-301F-11D3-BF4B-00C04F79EFBC}") = "01. Power Of Number", "01. Power Of Number\01. Power Of Number.csproj", "{EBBEFA24-D89D-4644-87CF-06C9C1AF4555}"
EndProject
Project("{FAE04EC0-301F-11D3-BF4B-00C04F79EFBC}") = "02. Multiplication Table", "02. Multiplication Table\02. Multiplication Table.csproj", "{6B6266C7-A6CA-4975-A0CE-B8391E5A4781}"
EndProject
Project("{FAE04EC0-301F-11D3-BF4B-00C04F79EFBC}") = "03. Biggest Number", "03. Biggest Number\03. Biggest Number.csproj", "{2DB554A1-C927-434D-81F8-45BEECF8F285}"
EndProject
Project("{FAE04EC0-301F-11D3-BF4B-00C04F79EFBC}") = "04. Vowel Sum", "04. Vowel Sum\04. Vowel Sum.csproj", "{7DAF2DC7-F729-4769-A60F-60DC2D7F6302}"
EndProject
Project("{FAE04EC0-301F-11D3-BF4B-00C04F79EFBC}") = "05. Division to 2, 3 and 4", "05. Division to 2, 3 and 4\05. Division to 2, 3 and 4.csproj", "{8FD49EAB-1E5E-4D99-BBB2-EED1F02089AB}"
EndProject
Project("{FAE04EC0-301F-11D3-BF4B-00C04F79EFBC}") = "06. Special Number", "06. Special Number\06. Special Number.csproj", "{0F327802-A73C-4092-A818-7F4F52B16D2D}"
EndProject
Project("{FAE04EC0-301F-11D3-BF4B-00C04F79EFBC}") = "07. Special Bonus", "07. Special Bonus\07. Special Bonus.csproj", "{72646D63-11F0-4873-BF99-D5BCAABEAE82}"
EndProject
Project("{FAE04EC0-301F-11D3-BF4B-00C04F79EFBC}") = "08. Account Balance", "08. Account Balance\08. Account Balance.csproj", "{EB63C32C-8DAE-4504-A363-6A96452E28BC}"
EndProject
Global
	GlobalSection(SolutionConfigurationPlatforms) = preSolution
		Debug|Any CPU = Debug|Any CPU
		Release|Any CPU = Release|Any CPU
	EndGlobalSection
	GlobalSection(ProjectConfigurationPlatforms) = postSolution
		{EBBEFA24-D89D-4644-87CF-06C9C1AF4555}.Debug|Any CPU.ActiveCfg = Debug|Any CPU
		{EBBEFA24-D89D-4644-87CF-06C9C1AF4555}.Debug|Any CPU.Build.0 = Debug|Any CPU
		{EBBEFA24-D89D-4644-87CF-06C9C1AF4555}.Release|Any CPU.ActiveCfg = Release|Any CPU
		{EBBEFA24-D89D-4644-87CF-06C9C1AF4555}.Release|Any CPU.Build.0 = Release|Any CPU
		{6B6266C7-A6CA-4975-A0CE-B8391E5A4781}.Debug|Any CPU.ActiveCfg = Debug|Any CPU
		{6B6266C7-A6CA-4975-A0CE-B8391E5A4781}.Debug|Any CPU.Build.0 = Debug|Any CPU
		{6B6266C7-A6CA-4975-A0CE-B8391E5A4781}.Release|Any CPU.ActiveCfg = Release|Any CPU
		{6B6266C7-A6CA-4975-A0CE-B8391E5A4781}.Release|Any CPU.Build.0 = Release|Any CPU
		{2DB554A1-C927-434D-81F8-45BEECF8F285}.Debug|Any CPU.ActiveCfg = Debug|Any CPU
		{2DB554A1-C927-434D-81F8-45BEECF8F285}.Debug|Any CPU.Build.0 = Debug|Any CPU
		{2DB554A1-C927-434D-81F8-45BEECF8F285}.Release|Any CPU.ActiveCfg = Release|Any CPU
		{2DB554A1-C927-434D-81F8-45BEECF8F285}.Release|Any CPU.Build.0 = Release|Any CPU
		{7DAF2DC7-F729-4769-A60F-60DC2D7F6302}.Debug|Any CPU.ActiveCfg = Debug|Any CPU
		{7DAF2DC7-F729-4769-A60F-60DC2D7F6302}.Debug|Any CPU.Build.0 = Debug|Any CPU
		{7DAF2DC7-F729-4769-A60F-60DC2D7F6302}.Release|Any CPU.ActiveCfg = Release|Any CPU
		{7DAF2DC7-F729-4769-A60F-60DC2D7F6302}.Release|Any CPU.Build.0 = Release|Any CPU
		{8FD49EAB-1E5E-4D99-BBB2-EED1F02089AB}.Debug|Any CPU.ActiveCfg = Debug|Any CPU
		{8FD49EAB-1E5E-4D99-BBB2-EED1F02089AB}.Debug|Any CPU.Build.0 = Debug|Any CPU
		{8FD49EAB-1E5E-4D99-BBB2-EED1F02089AB}.Release|Any CPU.ActiveCfg = Release|Any CPU
		{8FD49EAB-1E5E-4D99-BBB2-EED1F02089AB}.Release|Any CPU.Build.0 = Release|Any CPU
		{0F327802-A73C-4092-A818-7F4F52B16D2D}.Debug|Any CPU.ActiveCfg = Debug|Any CPU
		{0F327802-A73C-4092-A818-7F4F52B16D2D}.Debug|Any CPU.Build.0 = Debug|Any CPU
		{0F327802-A73C-4092-A818-7F4F52B16D2D}.Release|Any CPU.ActiveCfg = Release|Any CPU
		{0F327802-A73C-4092-A818-7F4F52B16D2D}.Release|Any CPU.Build.0 = Release|Any CPU
		{72646D63-11F0-4873-BF99-D5BCAABEAE82}.Debug|Any CPU.ActiveCfg = Debug|Any CPU
		{72646D63-11F0-4873-BF99-D5BCAABEAE82}.Debug|Any CPU.Build.0 = Debug|Any CPU
		{72646D63-11F0-4873-BF99-D5BCAABEAE82}.Release|Any CPU.ActiveCfg = Release|Any CPU
		{72646D63-11F0-4873-BF99-D5BCAABEAE82}.Release|Any CPU.Build.0 = Release|Any CPU
		{EB63C32C-8DAE-4504-A363-6A96452E28BC}.Debug|Any CPU.ActiveCfg = Debug|Any CPU
		{EB63C32C-8DAE-4504-A363-6A96452E28BC}.Debug|Any CPU.Build.0 = Debug|Any CPU
		{EB63C32C-8DAE-4504-A363-6A96452E28BC}.Release|Any CPU.ActiveCfg = Release|Any CPU
		{EB63C32C-8DAE-4504-A363-6A96452E28BC}.Release|Any CPU.Build.0 = Release|Any CPU
	EndGlobalSection
	GlobalSection(SolutionProperties) = preSolution
		HideSolutionNode = FALSE
	EndGlobalSection
	GlobalSection(ExtensibilityGlobals) = postSolution
		SolutionGuid = {0329FB82-6948-41E4-8E8C-912F0E5C5A73}
	EndGlobalSection
EndGlobal
