
Microsoft Visual Studio Solution File, Format Version 12.00
# Visual Studio Version 17
VisualStudioVersion = 17.8.34004.107
MinimumVisualStudioVersion = 10.0.40219.1
Project("{FAE04EC0-301F-11D3-BF4B-00C04F79EFBC}") = "01. Number Type", "01. Number Type\01. Number Type.csproj", "{13F25B28-4F62-40DE-80B4-FE76C261643D}"
EndProject
Global
	GlobalSection(SolutionConfigurationPlatforms) = preSolution
		Debug|Any CPU = Debug|Any CPU
		Release|Any CPU = Release|Any CPU
	EndGlobalSection
	GlobalSection(ProjectConfigurationPlatforms) = postSolution
		{13F25B28-4F62-40DE-80B4-FE76C261643D}.Debug|Any CPU.ActiveCfg = Debug|Any CPU
		{13F25B28-4F62-40DE-80B4-FE76C261643D}.Debug|Any CPU.Build.0 = Debug|Any CPU
		{13F25B28-4F62-40DE-80B4-FE76C261643D}.Release|Any CPU.ActiveCfg = Release|Any CPU
		{13F25B28-4F62-40DE-80B4-FE76C261643D}.Release|Any CPU.Build.0 = Release|Any CPU
	EndGlobalSection
	GlobalSection(SolutionProperties) = preSolution
		HideSolutionNode = FALSE
	EndGlobalSection
	GlobalSection(ExtensibilityGlobals) = postSolution
		SolutionGuid = {89B75189-C7EC-432B-B2B2-4D9F477F9368}
	EndGlobalSection
EndGlobal
